
Microsoft Visual Studio Solution File, Format Version 12.00
# Visual Studio Version 17
VisualStudioVersion = 17.3.32804.467
MinimumVisualStudioVersion = 10.0.40219.1
Project("{FAE04EC0-301F-11D3-BF4B-00C04F79EFBC}") = "AppointmentScheduling", "AppointmentScheduling\AppointmentScheduling.csproj", "{26E0BA99-F2A6-4D50-A7FB-18095E48FFAC}"
EndProject
Global
	GlobalSection(SolutionConfigurationPlatforms) = preSolution
		Debug|Any CPU = Debug|Any CPU
		Release|Any CPU = Release|Any CPU
	EndGlobalSection
	GlobalSection(ProjectConfigurationPlatforms) = postSolution
		{26E0BA99-F2A6-4D50-A7FB-18095E48FFAC}.Debug|Any CPU.ActiveCfg = Debug|Any CPU
		{26E0BA99-F2A6-4D50-A7FB-18095E48FFAC}.Debug|Any CPU.Build.0 = Debug|Any CPU
		{26E0BA99-F2A6-4D50-A7FB-18095E48FFAC}.Release|Any CPU.ActiveCfg = Release|Any CPU
		{26E0BA99-F2A6-4D50-A7FB-18095E48FFAC}.Release|Any CPU.Build.0 = Release|Any CPU
	EndGlobalSection
	GlobalSection(SolutionProperties) = preSolution
		HideSolutionNode = FALSE
	EndGlobalSection
	GlobalSection(ExtensibilityGlobals) = postSolution
		SolutionGuid = {47F4EB89-ED69-45E8-9FBA-B89168A30FEE}
	EndGlobalSection
EndGlobal
